// !$*UTF8*$!
{
	archiveVersion = 1;
	classes = {
	};
	objectVersion = 56;
	objects = {

/* Begin PBXBuildFile section */
		889EF56F2C98A8FF00313E72 /* Conversion_App.swift in Sources */ = {isa = PBXBuildFile; fileRef = 889EF56E2C98A8FF00313E72 /* Conversion_App.swift */; };
		889EF5712C98A8FF00313E72 /* ContentView.swift in Sources */ = {isa = PBXBuildFile; fileRef = 889EF5702C98A8FF00313E72 /* ContentView.swift */; };
		889EF5732C98A90100313E72 /* Assets.xcassets in Resources */ = {isa = PBXBuildFile; fileRef = 889EF5722C98A90100313E72 /* Assets.xcassets */; };
		889EF5762C98A90100313E72 /* Preview Assets.xcassets in Resources */ = {isa = PBXBuildFile; fileRef = 889EF5752C98A90100313E72 /* Preview Assets.xcassets */; };
		889EF5802C98A90100313E72 /* Conversion_AppTests.swift in Sources */ = {isa = PBXBuildFile; fileRef = 889EF57F2C98A90100313E72 /* Conversion_AppTests.swift */; };
		889EF58A2C98A90100313E72 /* Conversion_AppUITests.swift in Sources */ = {isa = PBXBuildFile; fileRef = 889EF5892C98A90100313E72 /* Conversion_AppUITests.swift */; };
		889EF58C2C98A90100313E72 /* Conversion_AppUITestsLaunchTests.swift in Sources */ = {isa = PBXBuildFile; fileRef = 889EF58B2C98A90100313E72 /* Conversion_AppUITestsLaunchTests.swift */; };
/* End PBXBuildFile section */

/* Begin PBXContainerItemProxy section */
		889EF57C2C98A90100313E72 /* PBXContainerItemProxy */ = {
			isa = PBXContainerItemProxy;
			containerPortal = 889EF5632C98A8FF00313E72 /* Project object */;
			proxyType = 1;
			remoteGlobalIDString = 889EF56A2C98A8FF00313E72;
			remoteInfo = "Conversion App";
		};
		889EF5862C98A90100313E72 /* PBXContainerItemProxy */ = {
			isa = PBXContainerItemProxy;
			containerPortal = 889EF5632C98A8FF00313E72 /* Project object */;
			proxyType = 1;
			remoteGlobalIDString = 889EF56A2C98A8FF00313E72;
			remoteInfo = "Conversion App";
		};
/* End PBXContainerItemProxy section */

/* Begin PBXFileReference section */
		889EF56B2C98A8FF00313E72 /* Conversion App.app */ = {isa = PBXFileReference; explicitFileType = wrapper.application; includeInIndex = 0; path = "Conversion App.app"; sourceTree = BUILT_PRODUCTS_DIR; };
		889EF56E2C98A8FF00313E72 /* Conversion_App.swift */ = {isa = PBXFileReference; lastKnownFileType = sourcecode.swift; path = Conversion_App.swift; sourceTree = "<group>"; };
		889EF5702C98A8FF00313E72 /* ContentView.swift */ = {isa = PBXFileReference; lastKnownFileType = sourcecode.swift; path = ContentView.swift; sourceTree = "<group>"; };
		889EF5722C98A90100313E72 /* Assets.xcassets */ = {isa = PBXFileReference; lastKnownFileType = folder.assetcatalog; path = Assets.xcassets; sourceTree = "<group>"; };
		889EF5752C98A90100313E72 /* Preview Assets.xcassets */ = {isa = PBXFileReference; lastKnownFileType = folder.assetcatalog; path = "Preview Assets.xcassets"; sourceTree = "<group>"; };
		889EF57B2C98A90100313E72 /* Conversion AppTests.xctest */ = {isa = PBXFileReference; explicitFileType = wrapper.cfbundle; includeInIndex = 0; path = "Conversion AppTests.xctest"; sourceTree = BUILT_PRODUCTS_DIR; };
		889EF57F2C98A90100313E72 /* Conversion_AppTests.swift */ = {isa = PBXFileReference; lastKnownFileType = sourcecode.swift; path = Conversion_AppTests.swift; sourceTree = "<group>"; };
		889EF5852C98A90100313E72 /* Conversion AppUITests.xctest */ = {isa = PBXFileReference; explicitFileType = wrapper.cfbundle; includeInIndex = 0; path = "Conversion AppUITests.xctest"; sourceTree = BUILT_PRODUCTS_DIR; };
		889EF5892C98A90100313E72 /* Conversion_AppUITests.swift */ = {isa = PBXFileReference; lastKnownFileType = sourcecode.swift; path = Conversion_AppUITests.swift; sourceTree = "<group>"; };
		889EF58B2C98A90100313E72 /* Conversion_AppUITestsLaunchTests.swift */ = {isa = PBXFileReference; lastKnownFileType = sourcecode.swift; path = Conversion_AppUITestsLaunchTests.swift; sourceTree = "<group>"; };
/* End PBXFileReference section */

/* Begin PBXFrameworksBuildPhase section */
		889EF5682C98A8FF00313E72 /* Frameworks */ = {
			isa = PBXFrameworksBuildPhase;
			buildActionMask = 2147483647;
			files = (
			);
			runOnlyForDeploymentPostprocessing = 0;
		};
		889EF5782C98A90100313E72 /* Frameworks */ = {
			isa = PBXFrameworksBuildPhase;
			buildActionMask = 2147483647;
			files = (
			);
			runOnlyForDeploymentPostprocessing = 0;
		};
		889EF5822C98A90100313E72 /* Frameworks */ = {
			isa = PBXFrameworksBuildPhase;
			buildActionMask = 2147483647;
			files = (
			);
			runOnlyForDeploymentPostprocessing = 0;
		};
/* End PBXFrameworksBuildPhase section */

/* Begin PBXGroup section */
		889EF5622C98A8FF00313E72 = {
			isa = PBXGroup;
			children = (
				889EF56D2C98A8FF00313E72 /* Conversion App */,
				889EF57E2C98A90100313E72 /* Conversion AppTests */,
				889EF5882C98A90100313E72 /* Conversion AppUITests */,
				889EF56C2C98A8FF00313E72 /* Products */,
			);
			sourceTree = "<group>";
		};
		889EF56C2C98A8FF00313E72 /* Products */ = {
			isa = PBXGroup;
			children = (
				889EF56B2C98A8FF00313E72 /* Conversion App.app */,
				889EF57B2C98A90100313E72 /* Conversion AppTests.xctest */,
				889EF5852C98A90100313E72 /* Conversion AppUITests.xctest */,
			);
			name = Products;
			sourceTree = "<group>";
		};
		889EF56D2C98A8FF00313E72 /* Conversion App */ = {
			isa = PBXGroup;
			children = (
				889EF56E2C98A8FF00313E72 /* Conversion_App.swift */,
				889EF5702C98A8FF00313E72 /* ContentView.swift */,
				889EF5722C98A90100313E72 /* Assets.xcassets */,
				889EF5742C98A90100313E72 /* Preview Content */,
			);
			path = "Conversion App";
			sourceTree = "<group>";
		};
		889EF5742C98A90100313E72 /* Preview Content */ = {
			isa = PBXGroup;
			children = (
				889EF5752C98A90100313E72 /* Preview Assets.xcassets */,
			);
			path = "Preview Content";
			sourceTree = "<group>";
		};
		889EF57E2C98A90100313E72 /* Conversion AppTests */ = {
			isa = PBXGroup;
			children = (
				889EF57F2C98A90100313E72 /* Conversion_AppTests.swift */,
			);
			path = "Conversion AppTests";
			sourceTree = "<group>";
		};
		889EF5882C98A90100313E72 /* Conversion AppUITests */ = {
			isa = PBXGroup;
			children = (
				889EF5892C98A90100313E72 /* Conversion_AppUITests.swift */,
				889EF58B2C98A90100313E72 /* Conversion_AppUITestsLaunchTests.swift */,
			);
			path = "Conversion AppUITests";
			sourceTree = "<group>";
		};
/* End PBXGroup section */

/* Begin PBXNativeTarget section */
		889EF56A2C98A8FF00313E72 /* Conversion App */ = {
			isa = PBXNativeTarget;
			buildConfigurationList = 889EF58F2C98A90100313E72 /* Build configuration list for PBXNativeTarget "Conversion App" */;
			buildPhases = (
				889EF5672C98A8FF00313E72 /* Sources */,
				889EF5682C98A8FF00313E72 /* Frameworks */,
				889EF5692C98A8FF00313E72 /* Resources */,
			);
			buildRules = (
			);
			dependencies = (
			);
			name = "Conversion App";
			productName = "Conversion App";
			productReference = 889EF56B2C98A8FF00313E72 /* Conversion App.app */;
			productType = "com.apple.product-type.application";
		};
		889EF57A2C98A90100313E72 /* Conversion AppTests */ = {
			isa = PBXNativeTarget;
			buildConfigurationList = 889EF5922C98A90100313E72 /* Build configuration list for PBXNativeTarget "Conversion AppTests" */;
			buildPhases = (
				889EF5772C98A90100313E72 /* Sources */,
				889EF5782C98A90100313E72 /* Frameworks */,
				889EF5792C98A90100313E72 /* Resources */,
			);
			buildRules = (
			);
			dependencies = (
				889EF57D2C98A90100313E72 /* PBXTargetDependency */,
			);
			name = "Conversion AppTests";
			productName = "Conversion AppTests";
			productReference = 889EF57B2C98A90100313E72 /* Conversion AppTests.xctest */;
			productType = "com.apple.product-type.bundle.unit-test";
		};
		889EF5842C98A90100313E72 /* Conversion AppUITests */ = {
			isa = PBXNativeTarget;
			buildConfigurationList = 889EF5952C98A90100313E72 /* Build configuration list for PBXNativeTarget "Conversion AppUITests" */;
			buildPhases = (
				889EF5812C98A90100313E72 /* Sources */,
				889EF5822C98A90100313E72 /* Frameworks */,
				889EF5832C98A90100313E72 /* Resources */,
			);
			buildRules = (
			);
			dependencies = (
				889EF5872C98A90100313E72 /* PBXTargetDependency */,
			);
			name = "Conversion AppUITests";
			productName = "Conversion AppUITests";
			productReference = 889EF5852C98A90100313E72 /* Conversion AppUITests.xctest */;
			productType = "com.apple.product-type.bundle.ui-testing";
		};
/* End PBXNativeTarget section */

/* Begin PBXProject section */
		889EF5632C98A8FF00313E72 /* Project object */ = {
			isa = PBXProject;
			attributes = {
				BuildIndependentTargetsInParallel = 1;
				LastSwiftUpdateCheck = 1540;
				LastUpgradeCheck = 1540;
				TargetAttributes = {
					889EF56A2C98A8FF00313E72 = {
						CreatedOnToolsVersion = 15.4;
					};
					889EF57A2C98A90100313E72 = {
						CreatedOnToolsVersion = 15.4;
						TestTargetID = 889EF56A2C98A8FF00313E72;
					};
					889EF5842C98A90100313E72 = {
						CreatedOnToolsVersion = 15.4;
						TestTargetID = 889EF56A2C98A8FF00313E72;
					};
				};
			};
			buildConfigurationList = 889EF5662C98A8FF00313E72 /* Build configuration list for PBXProject "Conversion App" */;
			compatibilityVersion = "Xcode 14.0";
			developmentRegion = en;
			hasScannedForEncodings = 0;
			knownRegions = (
				en,
				Base,
			);
			mainGroup = 889EF5622C98A8FF00313E72;
			productRefGroup = 889EF56C2C98A8FF00313E72 /* Products */;
			projectDirPath = "";
			projectRoot = "";
			targets = (
				889EF56A2C98A8FF00313E72 /* Conversion App */,
				889EF57A2C98A90100313E72 /* Conversion AppTests */,
				889EF5842C98A90100313E72 /* Conversion AppUITests */,
			);
		};
/* End PBXProject section */

/* Begin PBXResourcesBuildPhase section */
		889EF5692C98A8FF00313E72 /* Resources */ = {
			isa = PBXResourcesBuildPhase;
			buildActionMask = 2147483647;
			files = (
				889EF5762C98A90100313E72 /* Preview Assets.xcassets in Resources */,
				889EF5732C98A90100313E72 /* Assets.xcassets in Resources */,
			);
			runOnlyForDeploymentPostprocessing = 0;
		};
		889EF5792C98A90100313E72 /* Resources */ = {
			isa = PBXResourcesBuildPhase;
			buildActionMask = 2147483647;
			files = (
			);
			runOnlyForDeploymentPostprocessing = 0;
		};
		889EF5832C98A90100313E72 /* Resources */ = {
			isa = PBXResourcesBuildPhase;
			buildActionMask = 2147483647;
			files = (
			);
			runOnlyForDeploymentPostprocessing = 0;
		};
/* End PBXResourcesBuildPhase section */

/* Begin PBXSourcesBuildPhase section */
		889EF5672C98A8FF00313E72 /* Sources */ = {
			isa = PBXSourcesBuildPhase;
			buildActionMask = 2147483647;
			files = (
				889EF5712C98A8FF00313E72 /* ContentView.swift in Sources */,
				889EF56F2C98A8FF00313E72 /* Conversion_App.swift in Sources */,
			);
			runOnlyForDeploymentPostprocessing = 0;
		};
		889EF5772C98A90100313E72 /* Sources */ = {
			isa = PBXSourcesBuildPhase;
			buildActionMask = 2147483647;
			files = (
				889EF5802C98A90100313E72 /* Conversion_AppTests.swift in Sources */,
			);
			runOnlyForDeploymentPostprocessing = 0;
		};
		889EF5812C98A90100313E72 /* Sources */ = {
			isa = PBXSourcesBuildPhase;
			buildActionMask = 2147483647;
			files = (
				889EF58C2C98A90100313E72 /* Conversion_AppUITestsLaunchTests.swift in Sources */,
				889EF58A2C98A90100313E72 /* Conversion_AppUITests.swift in Sources */,
			);
			runOnlyForDeploymentPostprocessing = 0;
		};
/* End PBXSourcesBuildPhase section */

/* Begin PBXTargetDependency section */
		889EF57D2C98A90100313E72 /* PBXTargetDependency */ = {
			isa = PBXTargetDependency;
			target = 889EF56A2C98A8FF00313E72 /* Conversion App */;
			targetProxy = 889EF57C2C98A90100313E72 /* PBXContainerItemProxy */;
		};
		889EF5872C98A90100313E72 /* PBXTargetDependency */ = {
			isa = PBXTargetDependency;
			target = 889EF56A2C98A8FF00313E72 /* Conversion App */;
			targetProxy = 889EF5862C98A90100313E72 /* PBXContainerItemProxy */;
		};
/* End PBXTargetDependency section */

/* Begin XCBuildConfiguration section */
		889EF58D2C98A90100313E72 /* Debug */ = {
			isa = XCBuildConfiguration;
			buildSettings = {
				ALWAYS_SEARCH_USER_PATHS = NO;
				ASSETCATALOG_COMPILER_GENERATE_SWIFT_ASSET_SYMBOL_EXTENSIONS = YES;
				CLANG_ANALYZER_NONNULL = YES;
				CLANG_ANALYZER_NUMBER_OBJECT_CONVERSION = YES_AGGRESSIVE;
				CLANG_CXX_LANGUAGE_STANDARD = "gnu++20";
				CLANG_ENABLE_MODULES = YES;
				CLANG_ENABLE_OBJC_ARC = YES;
				CLANG_ENABLE_OBJC_WEAK = YES;
				CLANG_WARN_BLOCK_CAPTURE_AUTORELEASING = YES;
				CLANG_WARN_BOOL_CONVERSION = YES;
				CLANG_WARN_COMMA = YES;
				CLANG_WARN_CONSTANT_CONVERSION = YES;
				CLANG_WARN_DEPRECATED_OBJC_IMPLEMENTATIONS = YES;
				CLANG_WARN_DIRECT_OBJC_ISA_USAGE = YES_ERROR;
				CLANG_WARN_DOCUMENTATION_COMMENTS = YES;
				CLANG_WARN_EMPTY_BODY = YES;
				CLANG_WARN_ENUM_CONVERSION = YES;
				CLANG_WARN_INFINITE_RECURSION = YES;
				CLANG_WARN_INT_CONVERSION = YES;
				CLANG_WARN_NON_LITERAL_NULL_CONVERSION = YES;
				CLANG_WARN_OBJC_IMPLICIT_RETAIN_SELF = YES;
				CLANG_WARN_OBJC_LITERAL_CONVERSION = YES;
				CLANG_WARN_OBJC_ROOT_CLASS = YES_ERROR;
				CLANG_WARN_QUOTED_INCLUDE_IN_FRAMEWORK_HEADER = YES;
				CLANG_WARN_RANGE_LOOP_ANALYSIS = YES;
				CLANG_WARN_STRICT_PROTOTYPES = YES;
				CLANG_WARN_SUSPICIOUS_MOVE = YES;
				CLANG_WARN_UNGUARDED_AVAILABILITY = YES_AGGRESSIVE;
				CLANG_WARN_UNREACHABLE_CODE = YES;
				CLANG_WARN__DUPLICATE_METHOD_MATCH = YES;
				COPY_PHASE_STRIP = NO;
				DEBUG_INFORMATION_FORMAT = dwarf;
				ENABLE_STRICT_OBJC_MSGSEND = YES;
				ENABLE_TESTABILITY = YES;
				ENABLE_USER_SCRIPT_SANDBOXING = YES;
				GCC_C_LANGUAGE_STANDARD = gnu17;
				GCC_DYNAMIC_NO_PIC = NO;
				GCC_NO_COMMON_BLOCKS = YES;
				GCC_OPTIMIZATION_LEVEL = 0;
				GCC_PREPROCESSOR_DEFINITIONS = (
					"DEBUG=1",
					"$(inherited)",
				);
				GCC_WARN_64_TO_32_BIT_CONVERSION = YES;
				GCC_WARN_ABOUT_RETURN_TYPE = YES_ERROR;
				GCC_WARN_UNDECLARED_SELECTOR = YES;
				GCC_WARN_UNINITIALIZED_AUTOS = YES_AGGRESSIVE;
				GCC_WARN_UNUSED_FUNCTION = YES;
				GCC_WARN_UNUSED_VARIABLE = YES;
				IPHONEOS_DEPLOYMENT_TARGET = 17.5;
				LOCALIZATION_PREFERS_STRING_CATALOGS = YES;
				MTL_ENABLE_DEBUG_INFO = INCLUDE_SOURCE;
				MTL_FAST_MATH = YES;
				ONLY_ACTIVE_ARCH = YES;
				SDKROOT = iphoneos;
				SWIFT_ACTIVE_COMPILATION_CONDITIONS = "DEBUG $(inherited)";
				SWIFT_OPTIMIZATION_LEVEL = "-Onone";
			};
			name = Debug;
		};
		889EF58E2C98A90100313E72 /* Release */ = {
			isa = XCBuildConfiguration;
			buildSettings = {
				ALWAYS_SEARCH_USER_PATHS = NO;
				ASSETCATALOG_COMPILER_GENERATE_SWIFT_ASSET_SYMBOL_EXTENSIONS = YES;
				CLANG_ANALYZER_NONNULL = YES;
				CLANG_ANALYZER_NUMBER_OBJECT_CONVERSION = YES_AGGRESSIVE;
				CLANG_CXX_LANGUAGE_STANDARD = "gnu++20";
				CLANG_ENABLE_MODULES = YES;
				CLANG_ENABLE_OBJC_ARC = YES;
				CLANG_ENABLE_OBJC_WEAK = YES;
				CLANG_WARN_BLOCK_CAPTURE_AUTORELEASING = YES;
				CLANG_WARN_BOOL_CONVERSION = YES;
				CLANG_WARN_COMMA = YES;
				CLANG_WARN_CONSTANT_CONVERSION = YES;
				CLANG_WARN_DEPRECATED_OBJC_IMPLEMENTATIONS = YES;
				CLANG_WARN_DIRECT_OBJC_ISA_USAGE = YES_ERROR;
				CLANG_WARN_DOCUMENTATION_COMMENTS = YES;
				CLANG_WARN_EMPTY_BODY = YES;
				CLANG_WARN_ENUM_CONVERSION = YES;
				CLANG_WARN_INFINITE_RECURSION = YES;
				CLANG_WARN_INT_CONVERSION = YES;
				CLANG_WARN_NON_LITERAL_NULL_CONVERSION = YES;
				CLANG_WARN_OBJC_IMPLICIT_RETAIN_SELF = YES;
				CLANG_WARN_OBJC_LITERAL_CONVERSION = YES;
				CLANG_WARN_OBJC_ROOT_CLASS = YES_ERROR;
				CLANG_WARN_QUOTED_INCLUDE_IN_FRAMEWORK_HEADER = YES;
				CLANG_WARN_RANGE_LOOP_ANALYSIS = YES;
				CLANG_WARN_STRICT_PROTOTYPES = YES;
				CLANG_WARN_SUSPICIOUS_MOVE = YES;
				CLANG_WARN_UNGUARDED_AVAILABILITY = YES_AGGRESSIVE;
				CLANG_WARN_UNREACHABLE_CODE = YES;
				CLANG_WARN__DUPLICATE_METHOD_MATCH = YES;
				COPY_PHASE_STRIP = NO;
				DEBUG_INFORMATION_FORMAT = "dwarf-with-dsym";
				ENABLE_NS_ASSERTIONS = NO;
				ENABLE_STRICT_OBJC_MSGSEND = YES;
				ENABLE_USER_SCRIPT_SANDBOXING = YES;
				GCC_C_LANGUAGE_STANDARD = gnu17;
				GCC_NO_COMMON_BLOCKS = YES;
				GCC_WARN_64_TO_32_BIT_CONVERSION = YES;
				GCC_WARN_ABOUT_RETURN_TYPE = YES_ERROR;
				GCC_WARN_UNDECLARED_SELECTOR = YES;
				GCC_WARN_UNINITIALIZED_AUTOS = YES_AGGRESSIVE;
				GCC_WARN_UNUSED_FUNCTION = YES;
				GCC_WARN_UNUSED_VARIABLE = YES;
				IPHONEOS_DEPLOYMENT_TARGET = 17.5;
				LOCALIZATION_PREFERS_STRING_CATALOGS = YES;
				MTL_ENABLE_DEBUG_INFO = NO;
				MTL_FAST_MATH = YES;
				SDKROOT = iphoneos;
				SWIFT_COMPILATION_MODE = wholemodule;
				VALIDATE_PRODUCT = YES;
			};
			name = Release;
		};
		889EF5902C98A90100313E72 /* Debug */ = {
			isa = XCBuildConfiguration;
			buildSettings = {
				ASSETCATALOG_COMPILER_APPICON_NAME = AppIcon;
				ASSETCATALOG_COMPILER_GLOBAL_ACCENT_COLOR_NAME = AccentColor;
				CODE_SIGN_STYLE = Automatic;
				CURRENT_PROJECT_VERSION = 1;
				DEVELOPMENT_ASSET_PATHS = "\"Conversion App/Preview Content\"";
				DEVELOPMENT_TEAM = 6776XB22R8;
				ENABLE_PREVIEWS = YES;
				GENERATE_INFOPLIST_FILE = YES;
				INFOPLIST_KEY_UIApplicationSceneManifest_Generation = YES;
				INFOPLIST_KEY_UIApplicationSupportsIndirectInputEvents = YES;
				INFOPLIST_KEY_UILaunchScreen_Generation = YES;
				INFOPLIST_KEY_UISupportedInterfaceOrientations_iPad = "UIInterfaceOrientationPortrait UIInterfaceOrientationPortraitUpsideDown UIInterfaceOrientationLandscapeLeft UIInterfaceOrientationLandscapeRight";
				INFOPLIST_KEY_UISupportedInterfaceOrientations_iPhone = "UIInterfaceOrientationPortrait UIInterfaceOrientationLandscapeLeft UIInterfaceOrientationLandscapeRight";
				LD_RUNPATH_SEARCH_PATHS = (
					"$(inherited)",
					"@executable_path/Frameworks",
				);
				MARKETING_VERSION = 1.0;
				PRODUCT_BUNDLE_IDENTIFIER = "Geoprogrammer.com.Conversion-App";
				PRODUCT_NAME = "$(TARGET_NAME)";
				SWIFT_EMIT_LOC_STRINGS = YES;
				SWIFT_VERSION = 5.0;
				TARGETED_DEVICE_FAMILY = "1,2";
			};
			name = Debug;
		};
		889EF5912C98A90100313E72 /* Release */ = {
			isa = XCBuildConfiguration;
			buildSettings = {
				ASSETCATALOG_COMPILER_APPICON_NAME = AppIcon;
				ASSETCATALOG_COMPILER_GLOBAL_ACCENT_COLOR_NAME = AccentColor;
				CODE_SIGN_STYLE = Automatic;
				CURRENT_PROJECT_VERSION = 1;
				DEVELOPMENT_ASSET_PATHS = "\"Conversion App/Preview Content\"";
				DEVELOPMENT_TEAM = 6776XB22R8;
				ENABLE_PREVIEWS = YES;
				GENERATE_INFOPLIST_FILE = YES;
				INFOPLIST_KEY_UIApplicationSceneManifest_Generation = YES;
				INFOPLIST_KEY_UIApplicationSupportsIndirectInputEvents = YES;
				INFOPLIST_KEY_UILaunchScreen_Generation = YES;
				INFOPLIST_KEY_UISupportedInterfaceOrientations_iPad = "UIInterfaceOrientationPortrait UIInterfaceOrientationPortraitUpsideDown UIInterfaceOrientationLandscapeLeft UIInterfaceOrientationLandscapeRight";
				INFOPLIST_KEY_UISupportedInterfaceOrientations_iPhone = "UIInterfaceOrientationPortrait UIInterfaceOrientationLandscapeLeft UIInterfaceOrientationLandscapeRight";
				LD_RUNPATH_SEARCH_PATHS = (
					"$(inherited)",
					"@executable_path/Frameworks",
				);
				MARKETING_VERSION = 1.0;
				PRODUCT_BUNDLE_IDENTIFIER = "Geoprogrammer.com.Conversion-App";
				PRODUCT_NAME = "$(TARGET_NAME)";
				SWIFT_EMIT_LOC_STRINGS = YES;
				SWIFT_VERSION = 5.0;
				TARGETED_DEVICE_FAMILY = "1,2";
			};
			name = Release;
		};
		889EF5932C98A90100313E72 /* Debug */ = {
			isa = XCBuildConfiguration;
			buildSettings = {
				ALWAYS_EMBED_SWIFT_STANDARD_LIBRARIES = YES;
				BUNDLE_LOADER = "$(TEST_HOST)";
				CODE_SIGN_STYLE = Automatic;
				CURRENT_PROJECT_VERSION = 1;
				DEVELOPMENT_TEAM = 6776XB22R8;
				GENERATE_INFOPLIST_FILE = YES;
				IPHONEOS_DEPLOYMENT_TARGET = 17.5;
				MARKETING_VERSION = 1.0;
				PRODUCT_BUNDLE_IDENTIFIER = "Geoprogrammer.com.Conversion-AppTests";
				PRODUCT_NAME = "$(TARGET_NAME)";
				SWIFT_EMIT_LOC_STRINGS = NO;
				SWIFT_VERSION = 5.0;
				TARGETED_DEVICE_FAMILY = "1,2";
				TEST_HOST = "$(BUILT_PRODUCTS_DIR)/Conversion App.app/$(BUNDLE_EXECUTABLE_FOLDER_PATH)/Conversion App";
			};
			name = Debug;
		};
		889EF5942C98A90100313E72 /* Release */ = {
			isa = XCBuildConfiguration;
			buildSettings = {
				ALWAYS_EMBED_SWIFT_STANDARD_LIBRARIES = YES;
				BUNDLE_LOADER = "$(TEST_HOST)";
				CODE_SIGN_STYLE = Automatic;
				CURRENT_PROJECT_VERSION = 1;
				DEVELOPMENT_TEAM = 6776XB22R8;
				GENERATE_INFOPLIST_FILE = YES;
				IPHONEOS_DEPLOYMENT_TARGET = 17.5;
				MARKETING_VERSION = 1.0;
				PRODUCT_BUNDLE_IDENTIFIER = "Geoprogrammer.com.Conversion-AppTests";
				PRODUCT_NAME = "$(TARGET_NAME)";
				SWIFT_EMIT_LOC_STRINGS = NO;
				SWIFT_VERSION = 5.0;
				TARGETED_DEVICE_FAMILY = "1,2";
				TEST_HOST = "$(BUILT_PRODUCTS_DIR)/Conversion App.app/$(BUNDLE_EXECUTABLE_FOLDER_PATH)/Conversion App";
			};
			name = Release;
		};
		889EF5962C98A90100313E72 /* Debug */ = {
			isa = XCBuildConfiguration;
			buildSettings = {
				ALWAYS_EMBED_SWIFT_STANDARD_LIBRARIES = YES;
				CODE_SIGN_STYLE = Automatic;
				CURRENT_PROJECT_VERSION = 1;
				DEVELOPMENT_TEAM = 6776XB22R8;
				GENERATE_INFOPLIST_FILE = YES;
				MARKETING_VERSION = 1.0;
				PRODUCT_BUNDLE_IDENTIFIER = "Geoprogrammer.com.Conversion-AppUITests";
				PRODUCT_NAME = "$(TARGET_NAME)";
				SWIFT_EMIT_LOC_STRINGS = NO;
				SWIFT_VERSION = 5.0;
				TARGETED_DEVICE_FAMILY = "1,2";
				TEST_TARGET_NAME = "Conversion App";
			};
			name = Debug;
		};
		889EF5972C98A90100313E72 /* Release */ = {
			isa = XCBuildConfiguration;
			buildSettings = {
				ALWAYS_EMBED_SWIFT_STANDARD_LIBRARIES = YES;
				CODE_SIGN_STYLE = Automatic;
				CURRENT_PROJECT_VERSION = 1;
				DEVELOPMENT_TEAM = 6776XB22R8;
				GENERATE_INFOPLIST_FILE = YES;
				MARKETING_VERSION = 1.0;
				PRODUCT_BUNDLE_IDENTIFIER = "Geoprogrammer.com.Conversion-AppUITests";
				PRODUCT_NAME = "$(TARGET_NAME)";
				SWIFT_EMIT_LOC_STRINGS = NO;
				SWIFT_VERSION = 5.0;
				TARGETED_DEVICE_FAMILY = "1,2";
				TEST_TARGET_NAME = "Conversion App";
			};
			name = Release;
		};
/* End XCBuildConfiguration section */

/* Begin XCConfigurationList section */
		889EF5662C98A8FF00313E72 /* Build configuration list for PBXProject "Conversion App" */ = {
			isa = XCConfigurationList;
			buildConfigurations = (
				889EF58D2C98A90100313E72 /* Debug */,
				889EF58E2C98A90100313E72 /* Release */,
			);
			defaultConfigurationIsVisible = 0;
			defaultConfigurationName = Release;
		};
		889EF58F2C98A90100313E72 /* Build configuration list for PBXNativeTarget "Conversion App" */ = {
			isa = XCConfigurationList;
			buildConfigurations = (
				889EF5902C98A90100313E72 /* Debug */,
				889EF5912C98A90100313E72 /* Release */,
			);
			defaultConfigurationIsVisible = 0;
			defaultConfigurationName = Release;
		};
		889EF5922C98A90100313E72 /* Build configuration list for PBXNativeTarget "Conversion AppTests" */ = {
			isa = XCConfigurationList;
			buildConfigurations = (
				889EF5932C98A90100313E72 /* Debug */,
				889EF5942C98A90100313E72 /* Release */,
			);
			defaultConfigurationIsVisible = 0;
			defaultConfigurationName = Release;
		};
		889EF5952C98A90100313E72 /* Build configuration list for PBXNativeTarget "Conversion AppUITests" */ = {
			isa = XCConfigurationList;
			buildConfigurations = (
				889EF5962C98A90100313E72 /* Debug */,
				889EF5972C98A90100313E72 /* Release */,
			);
			defaultConfigurationIsVisible = 0;
			defaultConfigurationName = Release;
		};
/* End XCConfigurationList section */
	};
	rootObject = 889EF5632C98A8FF00313E72 /* Project object */;
}
